
Microsoft Visual Studio Solution File, Format Version 12.00
# Visual Studio Version 17
VisualStudioVersion = 17.2.32616.157
MinimumVisualStudioVersion = 10.0.40219.1
Project("{FAE04EC0-301F-11D3-BF4B-00C04F79EFBC}") = "CSharpPractice2", "CSharpPractice2\CSharpPractice2.csproj", "{BCF56ADA-8576-459F-BCD3-FBC0B7A423B6}"
EndProject
Global
	GlobalSection(SolutionConfigurationPlatforms) = preSolution
		Debug|Any CPU = Debug|Any CPU
		Release|Any CPU = Release|Any CPU
	EndGlobalSection
	GlobalSection(ProjectConfigurationPlatforms) = postSolution
		{BCF56ADA-8576-459F-BCD3-FBC0B7A423B6}.Debug|Any CPU.ActiveCfg = Debug|Any CPU
		{BCF56ADA-8576-459F-BCD3-FBC0B7A423B6}.Debug|Any CPU.Build.0 = Debug|Any CPU
		{BCF56ADA-8576-459F-BCD3-FBC0B7A423B6}.Release|Any CPU.ActiveCfg = Release|Any CPU
		{BCF56ADA-8576-459F-BCD3-FBC0B7A423B6}.Release|Any CPU.Build.0 = Release|Any CPU
	EndGlobalSection
	GlobalSection(SolutionProperties) = preSolution
		HideSolutionNode = FALSE
	EndGlobalSection
	GlobalSection(ExtensibilityGlobals) = postSolution
		SolutionGuid = {AE0B2D09-F7C5-4901-8104-91FA9C37AE59}
	EndGlobalSection
EndGlobal
